
Microsoft Visual Studio Solution File, Format Version 11.00
# Visual Studio 2010
Project("{8BC9CEB8-8B4A-11D0-8D11-00A0C91BC942}") = "LTCImedicare", "LTCImedicare\LTCImedicare.vcxproj", "{EA73DD0B-BA71-4D2E-8222-03E30D921EFF}"
EndProject
Global
	GlobalSection(SolutionConfigurationPlatforms) = preSolution
		Debug|Win32 = Debug|Win32
		Release|Win32 = Release|Win32
	EndGlobalSection
	GlobalSection(ProjectConfigurationPlatforms) = postSolution
		{EA73DD0B-BA71-4D2E-8222-03E30D921EFF}.Debug|Win32.ActiveCfg = Debug|Win32
		{EA73DD0B-BA71-4D2E-8222-03E30D921EFF}.Debug|Win32.Build.0 = Debug|Win32
		{EA73DD0B-BA71-4D2E-8222-03E30D921EFF}.Release|Win32.ActiveCfg = Release|Win32
		{EA73DD0B-BA71-4D2E-8222-03E30D921EFF}.Release|Win32.Build.0 = Release|Win32
	EndGlobalSection
	GlobalSection(SolutionProperties) = preSolution
		HideSolutionNode = FALSE
	EndGlobalSection
EndGlobal
